
Microsoft Visual Studio Solution File, Format Version 12.00
# Visual Studio 15
VisualStudioVersion = 15.0.27703.2026
MinimumVisualStudioVersion = 10.0.40219.1
Project("{FAE04EC0-301F-11D3-BF4B-00C04F79EFBC}") = "Bacchus", "Bacchus\Bacchus.csproj", "{A1637A58-4B28-4419-9415-503167859C88}"
EndProject
Global
	GlobalSection(SolutionConfigurationPlatforms) = preSolution
		Debug|Any CPU = Debug|Any CPU
		Release|Any CPU = Release|Any CPU
	EndGlobalSection
	GlobalSection(ProjectConfigurationPlatforms) = postSolution
		{A1637A58-4B28-4419-9415-503167859C88}.Debug|Any CPU.ActiveCfg = Debug|Any CPU
		{A1637A58-4B28-4419-9415-503167859C88}.Debug|Any CPU.Build.0 = Debug|Any CPU
		{A1637A58-4B28-4419-9415-503167859C88}.Release|Any CPU.ActiveCfg = Release|Any CPU
		{A1637A58-4B28-4419-9415-503167859C88}.Release|Any CPU.Build.0 = Release|Any CPU
	EndGlobalSection
	GlobalSection(SolutionProperties) = preSolution
		HideSolutionNode = FALSE
	EndGlobalSection
	GlobalSection(ExtensibilityGlobals) = postSolution
		SolutionGuid = {191BBAA6-F157-476E-88BF-191E6741D069}
	EndGlobalSection
EndGlobal
